
Microsoft Visual Studio Solution File, Format Version 12.00
# Visual Studio 15
VisualStudioVersion = 15.0.27130.2036
MinimumVisualStudioVersion = 10.0.40219.1
Project("{9092AA53-FB77-4645-B42D-1CCCA6BD08BD}") = "NotAuraRGBMusic", "NotAuraRGBMusic\NotAuraRGBMusic.njsproj", "{3020472A-A94B-49C9-96E0-30EBD62B9F78}"
EndProject
Global
	GlobalSection(SolutionConfigurationPlatforms) = preSolution
		Debug|Any CPU = Debug|Any CPU
		Release|Any CPU = Release|Any CPU
	EndGlobalSection
	GlobalSection(ProjectConfigurationPlatforms) = postSolution
		{3020472A-A94B-49C9-96E0-30EBD62B9F78}.Debug|Any CPU.ActiveCfg = Debug|Any CPU
		{3020472A-A94B-49C9-96E0-30EBD62B9F78}.Debug|Any CPU.Build.0 = Debug|Any CPU
		{3020472A-A94B-49C9-96E0-30EBD62B9F78}.Release|Any CPU.ActiveCfg = Release|Any CPU
		{3020472A-A94B-49C9-96E0-30EBD62B9F78}.Release|Any CPU.Build.0 = Release|Any CPU
	EndGlobalSection
	GlobalSection(SolutionProperties) = preSolution
		HideSolutionNode = FALSE
	EndGlobalSection
	GlobalSection(ExtensibilityGlobals) = postSolution
		SolutionGuid = {BED95069-16CC-4096-AC4D-5D53AA106C48}
	EndGlobalSection
EndGlobal
